PODS:
  - SwiftyUserDefaults (4.0.0-alpha.1)

DEPENDENCIES:
  - SwiftyUserDefaults (= 4.0.0-alpha.1)

SPEC REPOS:
  https://github.com/cocoapods/specs.git:
    - SwiftyUserDefaults

SPEC CHECKSUMS:
  SwiftyUserDefaults: cebe0ff9472f52699772a514b6f7155861d8069b

PODFILE CHECKSUM: 10e258ed777dcbaaf0d10fba10ae60e50cb23ff6

COCOAPODS: 1.5.3
